
Microsoft Visual Studio Solution File, Format Version 12.00
# Visual Studio Version 17
VisualStudioVersion = 17.4.33213.308
MinimumVisualStudioVersion = 10.0.40219.1
Project("{FAE04EC0-301F-11D3-BF4B-00C04F79EFBC}") = "PeliIdeaGeneraattori", "PeliIdeaGeneraattori\PeliIdeaGeneraattori.csproj", "{AE0E22AD-2E79-419B-B38D-1E2CB382ADFF}"
EndProject
Global
	GlobalSection(SolutionConfigurationPlatforms) = preSolution
		Debug|Any CPU = Debug|Any CPU
		Release|Any CPU = Release|Any CPU
	EndGlobalSection
	GlobalSection(ProjectConfigurationPlatforms) = postSolution
		{AE0E22AD-2E79-419B-B38D-1E2CB382ADFF}.Debug|Any CPU.ActiveCfg = Debug|Any CPU
		{AE0E22AD-2E79-419B-B38D-1E2CB382ADFF}.Debug|Any CPU.Build.0 = Debug|Any CPU
		{AE0E22AD-2E79-419B-B38D-1E2CB382ADFF}.Release|Any CPU.ActiveCfg = Release|Any CPU
		{AE0E22AD-2E79-419B-B38D-1E2CB382ADFF}.Release|Any CPU.Build.0 = Release|Any CPU
	EndGlobalSection
	GlobalSection(SolutionProperties) = preSolution
		HideSolutionNode = FALSE
	EndGlobalSection
	GlobalSection(ExtensibilityGlobals) = postSolution
		SolutionGuid = {4FC2CC6A-A5FA-41B9-B621-E085E8145F0B}
	EndGlobalSection
EndGlobal
